// !$*UTF8*$!
{
	archiveVersion = 1;
	classes = {
	};
	objectVersion = 46;
	objects = {

/* Begin PBXBuildFile section */
		0CC404FCF3A4EDE7E7078F47 /* Pods_StatusProviderUITests.framework in Frameworks */ = {isa = PBXBuildFile; fileRef = 721BECAB979B7A1C577F460F /* Pods_StatusProviderUITests.framework */; };
		9A52EE7096AB137DFCC93727 /* Pods_StatusProviderTests.framework in Frameworks */ = {isa = PBXBuildFile; fileRef = 97C69EF34831EABD8EAD5D29 /* Pods_StatusProviderTests.framework */; };
		F50344D21D70379700B91343 /* ActivityViewController.swift in Sources */ = {isa = PBXBuildFile; fileRef = F50344D11D70379700B91343 /* ActivityViewController.swift */; };
		F50344D41D7037A100B91343 /* EmptyViewController.swift in Sources */ = {isa = PBXBuildFile; fileRef = F50344D31D7037A100B91343 /* EmptyViewController.swift */; };
		F50344D61D7037D300B91343 /* ErrorViewController.swift in Sources */ = {isa = PBXBuildFile; fileRef = F50344D51D7037D300B91343 /* ErrorViewController.swift */; };
		F5EEEDD01D6F1E1C002B9B36 /* AppDelegate.swift in Sources */ = {isa = PBXBuildFile; fileRef = F5EEEDCF1D6F1E1C002B9B36 /* AppDelegate.swift */; };
		F5EEEDD51D6F1E1C002B9B36 /* Main.storyboard in Resources */ = {isa = PBXBuildFile; fileRef = F5EEEDD31D6F1E1C002B9B36 /* Main.storyboard */; };
		F5EEEDD71D6F1E1C002B9B36 /* Assets.xcassets in Resources */ = {isa = PBXBuildFile; fileRef = F5EEEDD61D6F1E1C002B9B36 /* Assets.xcassets */; };
		F5EEEDDA1D6F1E1C002B9B36 /* LaunchScreen.storyboard in Resources */ = {isa = PBXBuildFile; fileRef = F5EEEDD81D6F1E1C002B9B36 /* LaunchScreen.storyboard */; };
		F5EEEDE51D6F1E1D002B9B36 /* StatusProviderTests.swift in Sources */ = {isa = PBXBuildFile; fileRef = F5EEEDE41D6F1E1D002B9B36 /* StatusProviderTests.swift */; };
		F5EEEDF01D6F1E1D002B9B36 /* StatusProviderUITests.swift in Sources */ = {isa = PBXBuildFile; fileRef = F5EEEDEF1D6F1E1D002B9B36 /* StatusProviderUITests.swift */; };
		FFAA0C8640C72B2C47CACB39 /* Pods_StatusProvider.framework in Frameworks */ = {isa = PBXBuildFile; fileRef = 60839B0B735B78B22CD95E51 /* Pods_StatusProvider.framework */; };
/* End PBXBuildFile section */

/* Begin PBXContainerItemProxy section */
		F5EEEDE11D6F1E1D002B9B36 /* PBXContainerItemProxy */ = {
			isa = PBXContainerItemProxy;
			containerPortal = F5EEEDC41D6F1E1C002B9B36 /* Project object */;
			proxyType = 1;
			remoteGlobalIDString = F5EEEDCB1D6F1E1C002B9B36;
			remoteInfo = StatusProvider;
		};
		F5EEEDEC1D6F1E1D002B9B36 /* PBXContainerItemProxy */ = {
			isa = PBXContainerItemProxy;
			containerPortal = F5EEEDC41D6F1E1C002B9B36 /* Project object */;
			proxyType = 1;
			remoteGlobalIDString = F5EEEDCB1D6F1E1C002B9B36;
			remoteInfo = StatusProvider;
		};
/* End PBXContainerItemProxy section */

/* Begin PBXFileReference section */
		0DFF7D192903E436D60A5FFC /* Pods-StatusProviderTests.debug.xcconfig */ = {isa = PBXFileReference; includeInIndex = 1; lastKnownFileType = text.xcconfig; name = "Pods-StatusProviderTests.debug.xcconfig"; path = "Pods/Target Support Files/Pods-StatusProviderTests/Pods-StatusProviderTests.debug.xcconfig"; sourceTree = "<group>"; };
		60839B0B735B78B22CD95E51 /* Pods_StatusProvider.framework */ = {isa = PBXFileReference; explicitFileType = wrapper.framework; includeInIndex = 0; path = Pods_StatusProvider.framework; sourceTree = BUILT_PRODUCTS_DIR; };
		721BECAB979B7A1C577F460F /* Pods_StatusProviderUITests.framework */ = {isa = PBXFileReference; explicitFileType = wrapper.framework; includeInIndex = 0; path = Pods_StatusProviderUITests.framework; sourceTree = BUILT_PRODUCTS_DIR; };
		8A9C6BADFA50A94BA834CA48 /* Pods-StatusProvider.debug.xcconfig */ = {isa = PBXFileReference; includeInIndex = 1; lastKnownFileType = text.xcconfig; name = "Pods-StatusProvider.debug.xcconfig"; path = "Pods/Target Support Files/Pods-StatusProvider/Pods-StatusProvider.debug.xcconfig"; sourceTree = "<group>"; };
		97C69EF34831EABD8EAD5D29 /* Pods_StatusProviderTests.framework */ = {isa = PBXFileReference; explicitFileType = wrapper.framework; includeInIndex = 0; path = Pods_StatusProviderTests.framework; sourceTree = BUILT_PRODUCTS_DIR; };
		A682D45F50E20EE350EF3410 /* Pods-StatusProviderUITests.release.xcconfig */ = {isa = PBXFileReference; includeInIndex = 1; lastKnownFileType = text.xcconfig; name = "Pods-StatusProviderUITests.release.xcconfig"; path = "Pods/Target Support Files/Pods-StatusProviderUITests/Pods-StatusProviderUITests.release.xcconfig"; sourceTree = "<group>"; };
		A7606E9ABC4D9196C91D7F7B /* Pods-StatusProviderTests.release.xcconfig */ = {isa = PBXFileReference; includeInIndex = 1; lastKnownFileType = text.xcconfig; name = "Pods-StatusProviderTests.release.xcconfig"; path = "Pods/Target Support Files/Pods-StatusProviderTests/Pods-StatusProviderTests.release.xcconfig"; sourceTree = "<group>"; };
		E3BBDA8E1C4EDC01AAFC5729 /* Pods-StatusProvider.release.xcconfig */ = {isa = PBXFileReference; includeInIndex = 1; lastKnownFileType = text.xcconfig; name = "Pods-StatusProvider.release.xcconfig"; path = "Pods/Target Support Files/Pods-StatusProvider/Pods-StatusProvider.release.xcconfig"; sourceTree = "<group>"; };
		F4D3EFD90F17CF76A63C6725 /* Pods-StatusProviderUITests.debug.xcconfig */ = {isa = PBXFileReference; includeInIndex = 1; lastKnownFileType = text.xcconfig; name = "Pods-StatusProviderUITests.debug.xcconfig"; path = "Pods/Target Support Files/Pods-StatusProviderUITests/Pods-StatusProviderUITests.debug.xcconfig"; sourceTree = "<group>"; };
		F50344D11D70379700B91343 /* ActivityViewController.swift */ = {isa = PBXFileReference; fileEncoding = 4; lastKnownFileType = sourcecode.swift; path = ActivityViewController.swift; sourceTree = "<group>"; };
		F50344D31D7037A100B91343 /* EmptyViewController.swift */ = {isa = PBXFileReference; fileEncoding = 4; lastKnownFileType = sourcecode.swift; path = EmptyViewController.swift; sourceTree = "<group>"; };
		F50344D51D7037D300B91343 /* ErrorViewController.swift */ = {isa = PBXFileReference; fileEncoding = 4; lastKnownFileType = sourcecode.swift; path = ErrorViewController.swift; sourceTree = "<group>"; };
		F5EEEDCC1D6F1E1C002B9B36 /* StatusProvider.app */ = {isa = PBXFileReference; explicitFileType = wrapper.application; includeInIndex = 0; path = StatusProvider.app; sourceTree = BUILT_PRODUCTS_DIR; };
		F5EEEDCF1D6F1E1C002B9B36 /* AppDelegate.swift */ = {isa = PBXFileReference; lastKnownFileType = sourcecode.swift; path = AppDelegate.swift; sourceTree = "<group>"; };
		F5EEEDD41D6F1E1C002B9B36 /* Base */ = {isa = PBXFileReference; lastKnownFileType = file.storyboard; name = Base; path = Base.lproj/Main.storyboard; sourceTree = "<group>"; };
		F5EEEDD61D6F1E1C002B9B36 /* Assets.xcassets */ = {isa = PBXFileReference; lastKnownFileType = folder.assetcatalog; path = Assets.xcassets; sourceTree = "<group>"; };
		F5EEEDD91D6F1E1C002B9B36 /* Base */ = {isa = PBXFileReference; lastKnownFileType = file.storyboard; name = Base; path = Base.lproj/LaunchScreen.storyboard; sourceTree = "<group>"; };
		F5EEEDDB1D6F1E1C002B9B36 /* Info.plist */ = {isa = PBXFileReference; lastKnownFileType = text.plist.xml; path = Info.plist; sourceTree = "<group>"; };
		F5EEEDE01D6F1E1D002B9B36 /* StatusProviderTests.xctest */ = {isa = PBXFileReference; explicitFileType = wrapper.cfbundle; includeInIndex = 0; path = StatusProviderTests.xctest; sourceTree = BUILT_PRODUCTS_DIR; };
		F5EEEDE41D6F1E1D002B9B36 /* StatusProviderTests.swift */ = {isa = PBXFileReference; lastKnownFileType = sourcecode.swift; path = StatusProviderTests.swift; sourceTree = "<group>"; };
		F5EEEDE61D6F1E1D002B9B36 /* Info.plist */ = {isa = PBXFileReference; lastKnownFileType = text.plist.xml; path = Info.plist; sourceTree = "<group>"; };
		F5EEEDEB1D6F1E1D002B9B36 /* StatusProviderUITests.xctest */ = {isa = PBXFileReference; explicitFileType = wrapper.cfbundle; includeInIndex = 0; path = StatusProviderUITests.xctest; sourceTree = BUILT_PRODUCTS_DIR; };
		F5EEEDEF1D6F1E1D002B9B36 /* StatusProviderUITests.swift */ = {isa = PBXFileReference; lastKnownFileType = sourcecode.swift; path = StatusProviderUITests.swift; sourceTree = "<group>"; };
		F5EEEDF11D6F1E1D002B9B36 /* Info.plist */ = {isa = PBXFileReference; lastKnownFileType = text.plist.xml; path = Info.plist; sourceTree = "<group>"; };
/* End PBXFileReference section */

/* Begin PBXFrameworksBuildPhase section */
		F5EEEDC91D6F1E1C002B9B36 /* Frameworks */ = {
			isa = PBXFrameworksBuildPhase;
			buildActionMask = 2147483647;
			files = (
				FFAA0C8640C72B2C47CACB39 /* Pods_StatusProvider.framework in Frameworks */,
			);
			runOnlyForDeploymentPostprocessing = 0;
		};
		F5EEEDDD1D6F1E1D002B9B36 /* Frameworks */ = {
			isa = PBXFrameworksBuildPhase;
			buildActionMask = 2147483647;
			files = (
				9A52EE7096AB137DFCC93727 /* Pods_StatusProviderTests.framework in Frameworks */,
			);
			runOnlyForDeploymentPostprocessing = 0;
		};
		F5EEEDE81D6F1E1D002B9B36 /* Frameworks */ = {
			isa = PBXFrameworksBuildPhase;
			buildActionMask = 2147483647;
			files = (
				0CC404FCF3A4EDE7E7078F47 /* Pods_StatusProviderUITests.framework in Frameworks */,
			);
			runOnlyForDeploymentPostprocessing = 0;
		};
/* End PBXFrameworksBuildPhase section */

/* Begin PBXGroup section */
		0588516EB53089F0E1460A75 /* Pods */ = {
			isa = PBXGroup;
			children = (
				8A9C6BADFA50A94BA834CA48 /* Pods-StatusProvider.debug.xcconfig */,
				E3BBDA8E1C4EDC01AAFC5729 /* Pods-StatusProvider.release.xcconfig */,
				0DFF7D192903E436D60A5FFC /* Pods-StatusProviderTests.debug.xcconfig */,
				A7606E9ABC4D9196C91D7F7B /* Pods-StatusProviderTests.release.xcconfig */,
				F4D3EFD90F17CF76A63C6725 /* Pods-StatusProviderUITests.debug.xcconfig */,
				A682D45F50E20EE350EF3410 /* Pods-StatusProviderUITests.release.xcconfig */,
			);
			name = Pods;
			sourceTree = "<group>";
		};
		598D3A007658FC65A99EFD79 /* Frameworks */ = {
			isa = PBXGroup;
			children = (
				60839B0B735B78B22CD95E51 /* Pods_StatusProvider.framework */,
				97C69EF34831EABD8EAD5D29 /* Pods_StatusProviderTests.framework */,
				721BECAB979B7A1C577F460F /* Pods_StatusProviderUITests.framework */,
			);
			name = Frameworks;
			sourceTree = "<group>";
		};
		F5EEEDC31D6F1E1C002B9B36 = {
			isa = PBXGroup;
			children = (
				F5EEEDCE1D6F1E1C002B9B36 /* StatusProvider */,
				F5EEEDE31D6F1E1D002B9B36 /* StatusProviderTests */,
				F5EEEDEE1D6F1E1D002B9B36 /* StatusProviderUITests */,
				F5EEEDCD1D6F1E1C002B9B36 /* Products */,
				0588516EB53089F0E1460A75 /* Pods */,
				598D3A007658FC65A99EFD79 /* Frameworks */,
			);
			sourceTree = "<group>";
		};
		F5EEEDCD1D6F1E1C002B9B36 /* Products */ = {
			isa = PBXGroup;
			children = (
				F5EEEDCC1D6F1E1C002B9B36 /* StatusProvider.app */,
				F5EEEDE01D6F1E1D002B9B36 /* StatusProviderTests.xctest */,
				F5EEEDEB1D6F1E1D002B9B36 /* StatusProviderUITests.xctest */,
			);
			name = Products;
			sourceTree = "<group>";
		};
		F5EEEDCE1D6F1E1C002B9B36 /* StatusProvider */ = {
			isa = PBXGroup;
			children = (
				F5EEEDCF1D6F1E1C002B9B36 /* AppDelegate.swift */,
				F50344D51D7037D300B91343 /* ErrorViewController.swift */,
				F50344D11D70379700B91343 /* ActivityViewController.swift */,
				F50344D31D7037A100B91343 /* EmptyViewController.swift */,
				F5EEEDD31D6F1E1C002B9B36 /* Main.storyboard */,
				F5EEEDD61D6F1E1C002B9B36 /* Assets.xcassets */,
				F5EEEDD81D6F1E1C002B9B36 /* LaunchScreen.storyboard */,
				F5EEEDDB1D6F1E1C002B9B36 /* Info.plist */,
			);
			path = StatusProvider;
			sourceTree = "<group>";
		};
		F5EEEDE31D6F1E1D002B9B36 /* StatusProviderTests */ = {
			isa = PBXGroup;
			children = (
				F5EEEDE41D6F1E1D002B9B36 /* StatusProviderTests.swift */,
				F5EEEDE61D6F1E1D002B9B36 /* Info.plist */,
			);
			path = StatusProviderTests;
			sourceTree = "<group>";
		};
		F5EEEDEE1D6F1E1D002B9B36 /* StatusProviderUITests */ = {
			isa = PBXGroup;
			children = (
				F5EEEDEF1D6F1E1D002B9B36 /* StatusProviderUITests.swift */,
				F5EEEDF11D6F1E1D002B9B36 /* Info.plist */,
			);
			path = StatusProviderUITests;
			sourceTree = "<group>";
		};
/* End PBXGroup section */

/* Begin PBXNativeTarget section */
		F5EEEDCB1D6F1E1C002B9B36 /* StatusProvider */ = {
			isa = PBXNativeTarget;
			buildConfigurationList = F5EEEDF41D6F1E1D002B9B36 /* Build configuration list for PBXNativeTarget "StatusProvider" */;
			buildPhases = (
				4A9FD3992EFE923ED7CBD71D /* [CP] Check Pods Manifest.lock */,
				F5EEEDC81D6F1E1C002B9B36 /* Sources */,
				F5EEEDC91D6F1E1C002B9B36 /* Frameworks */,
				F5EEEDCA1D6F1E1C002B9B36 /* Resources */,
				704FB0CDFF27CC06BB74A97A /* [CP] Embed Pods Frameworks */,
				0F5CDAA3033151C51C089237 /* [CP] Copy Pods Resources */,
			);
			buildRules = (
			);
			dependencies = (
			);
			name = StatusProvider;
			productName = StatusProvider;
			productReference = F5EEEDCC1D6F1E1C002B9B36 /* StatusProvider.app */;
			productType = "com.apple.product-type.application";
		};
		F5EEEDDF1D6F1E1D002B9B36 /* StatusProviderTests */ = {
			isa = PBXNativeTarget;
			buildConfigurationList = F5EEEDF71D6F1E1D002B9B36 /* Build configuration list for PBXNativeTarget "StatusProviderTests" */;
			buildPhases = (
				622947E933A9E0F3DE19DC93 /* [CP] Check Pods Manifest.lock */,
				F5EEEDDC1D6F1E1D002B9B36 /* Sources */,
				F5EEEDDD1D6F1E1D002B9B36 /* Frameworks */,
				F5EEEDDE1D6F1E1D002B9B36 /* Resources */,
				74FA6103F17A74C1DC691F6A /* [CP] Embed Pods Frameworks */,
				8EE1737843786FA8B668993C /* [CP] Copy Pods Resources */,
			);
			buildRules = (
			);
			dependencies = (
				F5EEEDE21D6F1E1D002B9B36 /* PBXTargetDependency */,
			);
			name = StatusProviderTests;
			productName = StatusProviderTests;
			productReference = F5EEEDE01D6F1E1D002B9B36 /* StatusProviderTests.xctest */;
			productType = "com.apple.product-type.bundle.unit-test";
		};
		F5EEEDEA1D6F1E1D002B9B36 /* StatusProviderUITests */ = {
			isa = PBXNativeTarget;
			buildConfigurationList = F5EEEDFA1D6F1E1D002B9B36 /* Build configuration list for PBXNativeTarget "StatusProviderUITests" */;
			buildPhases = (
				F5FE1F7321B88E858B0B09AB /* [CP] Check Pods Manifest.lock */,
				F5EEEDE71D6F1E1D002B9B36 /* Sources */,
				F5EEEDE81D6F1E1D002B9B36 /* Frameworks */,
				F5EEEDE91D6F1E1D002B9B36 /* Resources */,
				745F3E8A9B2210EF323B8896 /* [CP] Copy Pods Resources */,
			);
			buildRules = (
			);
			dependencies = (
				F5EEEDED1D6F1E1D002B9B36 /* PBXTargetDependency */,
			);
			name = StatusProviderUITests;
			productName = StatusProviderUITests;
			productReference = F5EEEDEB1D6F1E1D002B9B36 /* StatusProviderUITests.xctest */;
			productType = "com.apple.product-type.bundle.ui-testing";
		};
/* End PBXNativeTarget section */

/* Begin PBXProject section */
		F5EEEDC41D6F1E1C002B9B36 /* Project object */ = {
			isa = PBXProject;
			attributes = {
				LastSwiftUpdateCheck = 0730;
				LastUpgradeCheck = 0730;
				ORGANIZATIONNAME = MarioHahn;
				TargetAttributes = {
					F5EEEDCB1D6F1E1C002B9B36 = {
						CreatedOnToolsVersion = 7.3;
						LastSwiftMigration = 0800;
					};
					F5EEEDDF1D6F1E1D002B9B36 = {
						CreatedOnToolsVersion = 7.3;
						LastSwiftMigration = 0800;
						TestTargetID = F5EEEDCB1D6F1E1C002B9B36;
					};
					F5EEEDEA1D6F1E1D002B9B36 = {
						CreatedOnToolsVersion = 7.3;
						LastSwiftMigration = 0800;
						TestTargetID = F5EEEDCB1D6F1E1C002B9B36;
					};
				};
			};
			buildConfigurationList = F5EEEDC71D6F1E1C002B9B36 /* Build configuration list for PBXProject "StatusProvider" */;
			compatibilityVersion = "Xcode 3.2";
			developmentRegion = English;
			hasScannedForEncodings = 0;
			knownRegions = (
				en,
				Base,
			);
			mainGroup = F5EEEDC31D6F1E1C002B9B36;
			productRefGroup = F5EEEDCD1D6F1E1C002B9B36 /* Products */;
			projectDirPath = "";
			projectRoot = "";
			targets = (
				F5EEEDCB1D6F1E1C002B9B36 /* StatusProvider */,
				F5EEEDDF1D6F1E1D002B9B36 /* StatusProviderTests */,
				F5EEEDEA1D6F1E1D002B9B36 /* StatusProviderUITests */,
			);
		};
/* End PBXProject section */

/* Begin PBXResourcesBuildPhase section */
		F5EEEDCA1D6F1E1C002B9B36 /* Resources */ = {
			isa = PBXResourcesBuildPhase;
			buildActionMask = 2147483647;
			files = (
				F5EEEDDA1D6F1E1C002B9B36 /* LaunchScreen.storyboard in Resources */,
				F5EEEDD71D6F1E1C002B9B36 /* Assets.xcassets in Resources */,
				F5EEEDD51D6F1E1C002B9B36 /* Main.storyboard in Resources */,
			);
			runOnlyForDeploymentPostprocessing = 0;
		};
		F5EEEDDE1D6F1E1D002B9B36 /* Resources */ = {
			isa = PBXResourcesBuildPhase;
			buildActionMask = 2147483647;
			files = (
			);
			runOnlyForDeploymentPostprocessing = 0;
		};
		F5EEEDE91D6F1E1D002B9B36 /* Resources */ = {
			isa = PBXResourcesBuildPhase;
			buildActionMask = 2147483647;
			files = (
			);
			runOnlyForDeploymentPostprocessing = 0;
		};
/* End PBXResourcesBuildPhase section */

/* Begin PBXShellScriptBuildPhase section */
		0F5CDAA3033151C51C089237 /* [CP] Copy Pods Resources */ = {
			isa = PBXShellScriptBuildPhase;
			buildActionMask = 2147483647;
			files = (
			);
			inputPaths = (
			);
			name = "[CP] Copy Pods Resources";
			outputPaths = (
			);
			runOnlyForDeploymentPostprocessing = 0;
			shellPath = /bin/sh;
			shellScript = "\"${SRCROOT}/Pods/Target Support Files/Pods-StatusProvider/Pods-StatusProvider-resources.sh\"\n";
			showEnvVarsInLog = 0;
		};
		4A9FD3992EFE923ED7CBD71D /* [CP] Check Pods Manifest.lock */ = {
			isa = PBXShellScriptBuildPhase;
			buildActionMask = 2147483647;
			files = (
			);
			inputPaths = (
			);
			name = "[CP] Check Pods Manifest.lock";
			outputPaths = (
			);
			runOnlyForDeploymentPostprocessing = 0;
			shellPath = /bin/sh;
			shellScript = "diff \"${PODS_ROOT}/../Podfile.lock\" \"${PODS_ROOT}/Manifest.lock\" > /dev/null\nif [[ $? != 0 ]] ; then\n    cat << EOM\nerror: The sandbox is not in sync with the Podfile.lock. Run 'pod install' or update your CocoaPods installation.\nEOM\n    exit 1\nfi\n";
			showEnvVarsInLog = 0;
		};
		622947E933A9E0F3DE19DC93 /* [CP] Check Pods Manifest.lock */ = {
			isa = PBXShellScriptBuildPhase;
			buildActionMask = 2147483647;
			files = (
			);
			inputPaths = (
			);
			name = "[CP] Check Pods Manifest.lock";
			outputPaths = (
			);
			runOnlyForDeploymentPostprocessing = 0;
			shellPath = /bin/sh;
			shellScript = "diff \"${PODS_ROOT}/../Podfile.lock\" \"${PODS_ROOT}/Manifest.lock\" > /dev/null\nif [[ $? != 0 ]] ; then\n    cat << EOM\nerror: The sandbox is not in sync with the Podfile.lock. Run 'pod install' or update your CocoaPods installation.\nEOM\n    exit 1\nfi\n";
			showEnvVarsInLog = 0;
		};
		704FB0CDFF27CC06BB74A97A /* [CP] Embed Pods Frameworks */ = {
			isa = PBXShellScriptBuildPhase;
			buildActionMask = 2147483647;
			files = (
			);
			inputPaths = (
			);
			name = "[CP] Embed Pods Frameworks";
			outputPaths = (
			);
			runOnlyForDeploymentPostprocessing = 0;
			shellPath = /bin/sh;
			shellScript = "\"${SRCROOT}/Pods/Target Support Files/Pods-StatusProvider/Pods-StatusProvider-frameworks.sh\"\n";
			showEnvVarsInLog = 0;
		};
		745F3E8A9B2210EF323B8896 /* [CP] Copy Pods Resources */ = {
			isa = PBXShellScriptBuildPhase;
			buildActionMask = 2147483647;
			files = (
			);
			inputPaths = (
			);
			name = "[CP] Copy Pods Resources";
			outputPaths = (
			);
			runOnlyForDeploymentPostprocessing = 0;
			shellPath = /bin/sh;
			shellScript = "\"${SRCROOT}/Pods/Target Support Files/Pods-StatusProviderUITests/Pods-StatusProviderUITests-resources.sh\"\n";
			showEnvVarsInLog = 0;
		};
		74FA6103F17A74C1DC691F6A /* [CP] Embed Pods Frameworks */ = {
			isa = PBXShellScriptBuildPhase;
			buildActionMask = 2147483647;
			files = (
			);
			inputPaths = (
			);
			name = "[CP] Embed Pods Frameworks";
			outputPaths = (
			);
			runOnlyForDeploymentPostprocessing = 0;
			shellPath = /bin/sh;
			shellScript = "\"${SRCROOT}/Pods/Target Support Files/Pods-StatusProviderTests/Pods-StatusProviderTests-frameworks.sh\"\n";
			showEnvVarsInLog = 0;
		};
		8EE1737843786FA8B668993C /* [CP] Copy Pods Resources */ = {
			isa = PBXShellScriptBuildPhase;
			buildActionMask = 2147483647;
			files = (
			);
			inputPaths = (
			);
			name = "[CP] Copy Pods Resources";
			outputPaths = (
			);
			runOnlyForDeploymentPostprocessing = 0;
			shellPath = /bin/sh;
			shellScript = "\"${SRCROOT}/Pods/Target Support Files/Pods-StatusProviderTests/Pods-StatusProviderTests-resources.sh\"\n";
			showEnvVarsInLog = 0;
		};
		F5FE1F7321B88E858B0B09AB /* [CP] Check Pods Manifest.lock */ = {
			isa = PBXShellScriptBuildPhase;
			buildActionMask = 2147483647;
			files = (
			);
			inputPaths = (
			);
			name = "[CP] Check Pods Manifest.lock";
			outputPaths = (
			);
			runOnlyForDeploymentPostprocessing = 0;
			shellPath = /bin/sh;
			shellScript = "diff \"${PODS_ROOT}/../Podfile.lock\" \"${PODS_ROOT}/Manifest.lock\" > /dev/null\nif [[ $? != 0 ]] ; then\n    cat << EOM\nerror: The sandbox is not in sync with the Podfile.lock. Run 'pod install' or update your CocoaPods installation.\nEOM\n    exit 1\nfi\n";
			showEnvVarsInLog = 0;
		};
/* End PBXShellScriptBuildPhase section */

/* Begin PBXSourcesBuildPhase section */
		F5EEEDC81D6F1E1C002B9B36 /* Sources */ = {
			isa = PBXSourcesBuildPhase;
			buildActionMask = 2147483647;
			files = (
				F50344D41D7037A100B91343 /* EmptyViewController.swift in Sources */,
				F50344D61D7037D300B91343 /* ErrorViewController.swift in Sources */,
				F50344D21D70379700B91343 /* ActivityViewController.swift in Sources */,
				F5EEEDD01D6F1E1C002B9B36 /* AppDelegate.swift in Sources */,
			);
			runOnlyForDeploymentPostprocessing = 0;
		};
		F5EEEDDC1D6F1E1D002B9B36 /* Sources */ = {
			isa = PBXSourcesBuildPhase;
			buildActionMask = 2147483647;
			files = (
				F5EEEDE51D6F1E1D002B9B36 /* StatusProviderTests.swift in Sources */,
			);
			runOnlyForDeploymentPostprocessing = 0;
		};
		F5EEEDE71D6F1E1D002B9B36 /* Sources */ = {
			isa = PBXSourcesBuildPhase;
			buildActionMask = 2147483647;
			files = (
				F5EEEDF01D6F1E1D002B9B36 /* StatusProviderUITests.swift in Sources */,
			);
			runOnlyForDeploymentPostprocessing = 0;
		};
/* End PBXSourcesBuildPhase section */

/* Begin PBXTargetDependency section */
		F5EEEDE21D6F1E1D002B9B36 /* PBXTargetDependency */ = {
			isa = PBXTargetDependency;
			target = F5EEEDCB1D6F1E1C002B9B36 /* StatusProvider */;
			targetProxy = F5EEEDE11D6F1E1D002B9B36 /* PBXContainerItemProxy */;
		};
		F5EEEDED1D6F1E1D002B9B36 /* PBXTargetDependency */ = {
			isa = PBXTargetDependency;
			target = F5EEEDCB1D6F1E1C002B9B36 /* StatusProvider */;
			targetProxy = F5EEEDEC1D6F1E1D002B9B36 /* PBXContainerItemProxy */;
		};
/* End PBXTargetDependency section */

/* Begin PBXVariantGroup section */
		F5EEEDD31D6F1E1C002B9B36 /* Main.storyboard */ = {
			isa = PBXVariantGroup;
			children = (
				F5EEEDD41D6F1E1C002B9B36 /* Base */,
			);
			name = Main.storyboard;
			sourceTree = "<group>";
		};
		F5EEEDD81D6F1E1C002B9B36 /* LaunchScreen.storyboard */ = {
			isa = PBXVariantGroup;
			children = (
				F5EEEDD91D6F1E1C002B9B36 /* Base */,
			);
			name = LaunchScreen.storyboard;
			sourceTree = "<group>";
		};
/* End PBXVariantGroup section */

/* Begin XCBuildConfiguration section */
		F5EEEDF21D6F1E1D002B9B36 /* Debug */ = {
			isa = XCBuildConfiguration;
			buildSettings = {
				ALWAYS_SEARCH_USER_PATHS = NO;
				CLANG_ANALYZER_NONNULL = YES;
				CLANG_CXX_LANGUAGE_STANDARD = "gnu++0x";
				CLANG_CXX_LIBRARY = "libc++";
				CLANG_ENABLE_MODULES = YES;
				CLANG_ENABLE_OBJC_ARC = YES;
				CLANG_WARN_BOOL_CONVERSION = YES;
				CLANG_WARN_CONSTANT_CONVERSION = YES;
				CLANG_WARN_DIRECT_OBJC_ISA_USAGE = YES_ERROR;
				CLANG_WARN_EMPTY_BODY = YES;
				CLANG_WARN_ENUM_CONVERSION = YES;
				CLANG_WARN_INT_CONVERSION = YES;
				CLANG_WARN_OBJC_ROOT_CLASS = YES_ERROR;
				CLANG_WARN_UNREACHABLE_CODE = YES;
				CLANG_WARN__DUPLICATE_METHOD_MATCH = YES;
				"CODE_SIGN_IDENTITY[sdk=iphoneos*]" = "iPhone Developer";
				COPY_PHASE_STRIP = NO;
				DEBUG_INFORMATION_FORMAT = dwarf;
				ENABLE_STRICT_OBJC_MSGSEND = YES;
				ENABLE_TESTABILITY = YES;
				GCC_C_LANGUAGE_STANDARD = gnu99;
				GCC_DYNAMIC_NO_PIC = NO;
				GCC_NO_COMMON_BLOCKS = YES;
				GCC_OPTIMIZATION_LEVEL = 0;
				GCC_PREPROCESSOR_DEFINITIONS = (
					"DEBUG=1",
					"$(inherited)",
				);
				GCC_WARN_64_TO_32_BIT_CONVERSION = YES;
				GCC_WARN_ABOUT_RETURN_TYPE = YES_ERROR;
				GCC_WARN_UNDECLARED_SELECTOR = YES;
				GCC_WARN_UNINITIALIZED_AUTOS = YES_AGGRESSIVE;
				GCC_WARN_UNUSED_FUNCTION = YES;
				GCC_WARN_UNUSED_VARIABLE = YES;
				IPHONEOS_DEPLOYMENT_TARGET = 9.3;
				MTL_ENABLE_DEBUG_INFO = YES;
				ONLY_ACTIVE_ARCH = YES;
				SDKROOT = iphoneos;
				SWIFT_OPTIMIZATION_LEVEL = "-Onone";
				TARGETED_DEVICE_FAMILY = "1,2";
			};
			name = Debug;
		};
		F5EEEDF31D6F1E1D002B9B36 /* Release */ = {
			isa = XCBuildConfiguration;
			buildSettings = {
				ALWAYS_SEARCH_USER_PATHS = NO;
				CLANG_ANALYZER_NONNULL = YES;
				CLANG_CXX_LANGUAGE_STANDARD = "gnu++0x";
				CLANG_CXX_LIBRARY = "libc++";
				CLANG_ENABLE_MODULES = YES;
				CLANG_ENABLE_OBJC_ARC = YES;
				CLANG_WARN_BOOL_CONVERSION = YES;
				CLANG_WARN_CONSTANT_CONVERSION = YES;
				CLANG_WARN_DIRECT_OBJC_ISA_USAGE = YES_ERROR;
				CLANG_WARN_EMPTY_BODY = YES;
				CLANG_WARN_ENUM_CONVERSION = YES;
				CLANG_WARN_INT_CONVERSION = YES;
				CLANG_WARN_OBJC_ROOT_CLASS = YES_ERROR;
				CLANG_WARN_UNREACHABLE_CODE = YES;
				CLANG_WARN__DUPLICATE_METHOD_MATCH = YES;
				"CODE_SIGN_IDENTITY[sdk=iphoneos*]" = "iPhone Developer";
				COPY_PHASE_STRIP = NO;
				DEBUG_INFORMATION_FORMAT = "dwarf-with-dsym";
				ENABLE_NS_ASSERTIONS = NO;
				ENABLE_STRICT_OBJC_MSGSEND = YES;
				GCC_C_LANGUAGE_STANDARD = gnu99;
				GCC_NO_COMMON_BLOCKS = YES;
				GCC_WARN_64_TO_32_BIT_CONVERSION = YES;
				GCC_WARN_ABOUT_RETURN_TYPE = YES_ERROR;
				GCC_WARN_UNDECLARED_SELECTOR = YES;
				GCC_WARN_UNINITIALIZED_AUTOS = YES_AGGRESSIVE;
				GCC_WARN_UNUSED_FUNCTION = YES;
				GCC_WARN_UNUSED_VARIABLE = YES;
				IPHONEOS_DEPLOYMENT_TARGET = 9.3;
				MTL_ENABLE_DEBUG_INFO = NO;
				SDKROOT = iphoneos;
				TARGETED_DEVICE_FAMILY = "1,2";
				VALIDATE_PRODUCT = YES;
			};
			name = Release;
		};
		F5EEEDF51D6F1E1D002B9B36 /* Debug */ = {
			isa = XCBuildConfiguration;
			baseConfigurationReference = 8A9C6BADFA50A94BA834CA48 /* Pods-StatusProvider.debug.xcconfig */;
			buildSettings = {
				ASSETCATALOG_COMPILER_APPICON_NAME = AppIcon;
				INFOPLIST_FILE = StatusProvider/Info.plist;
				LD_RUNPATH_SEARCH_PATHS = "$(inherited) @executable_path/Frameworks";
				PRODUCT_BUNDLE_IDENTIFIER = at.drei.StatusProvider;
				PRODUCT_MODULE_NAME = StatusProject;
				PRODUCT_NAME = "$(TARGET_NAME)";
				SWIFT_VERSION = 3.0;
			};
			name = Debug;
		};
		F5EEEDF61D6F1E1D002B9B36 /* Release */ = {
			isa = XCBuildConfiguration;
			baseConfigurationReference = E3BBDA8E1C4EDC01AAFC5729 /* Pods-StatusProvider.release.xcconfig */;
			buildSettings = {
				ASSETCATALOG_COMPILER_APPICON_NAME = AppIcon;
				INFOPLIST_FILE = StatusProvider/Info.plist;
				LD_RUNPATH_SEARCH_PATHS = "$(inherited) @executable_path/Frameworks";
				PRODUCT_BUNDLE_IDENTIFIER = at.drei.StatusProvider;
				PRODUCT_MODULE_NAME = StatusProject;
				PRODUCT_NAME = "$(TARGET_NAME)";
				SWIFT_VERSION = 3.0;
			};
			name = Release;
		};
		F5EEEDF81D6F1E1D002B9B36 /* Debug */ = {
			isa = XCBuildConfiguration;
			baseConfigurationReference = 0DFF7D192903E436D60A5FFC /* Pods-StatusProviderTests.debug.xcconfig */;
			buildSettings = {
				BUNDLE_LOADER = "$(TEST_HOST)";
				INFOPLIST_FILE = StatusProviderTests/Info.plist;
				LD_RUNPATH_SEARCH_PATHS = "$(inherited) @executable_path/Frameworks @loader_path/Frameworks";
				PRODUCT_BUNDLE_IDENTIFIER = at.drei.StatusProviderTests;
				PRODUCT_NAME = "$(TARGET_NAME)";
				SWIFT_VERSION = 3.0;
				TEST_HOST = "$(BUILT_PRODUCTS_DIR)/StatusProvider.app/StatusProvider";
			};
			name = Debug;
		};
		F5EEEDF91D6F1E1D002B9B36 /* Release */ = {
			isa = XCBuildConfiguration;
			baseConfigurationReference = A7606E9ABC4D9196C91D7F7B /* Pods-StatusProviderTests.release.xcconfig */;
			buildSettings = {
				BUNDLE_LOADER = "$(TEST_HOST)";
				INFOPLIST_FILE = StatusProviderTests/Info.plist;
				LD_RUNPATH_SEARCH_PATHS = "$(inherited) @executable_path/Frameworks @loader_path/Frameworks";
				PRODUCT_BUNDLE_IDENTIFIER = at.drei.StatusProviderTests;
				PRODUCT_NAME = "$(TARGET_NAME)";
				SWIFT_VERSION = 3.0;
				TEST_HOST = "$(BUILT_PRODUCTS_DIR)/StatusProvider.app/StatusProvider";
			};
			name = Release;
		};
		F5EEEDFB1D6F1E1D002B9B36 /* Debug */ = {
			isa = XCBuildConfiguration;
			baseConfigurationReference = F4D3EFD90F17CF76A63C6725 /* Pods-StatusProviderUITests.debug.xcconfig */;
			buildSettings = {
				INFOPLIST_FILE = StatusProviderUITests/Info.plist;
				LD_RUNPATH_SEARCH_PATHS = "$(inherited) @executable_path/Frameworks @loader_path/Frameworks";
				PRODUCT_BUNDLE_IDENTIFIER = at.drei.StatusProviderUITests;
				PRODUCT_NAME = "$(TARGET_NAME)";
				SWIFT_VERSION = 3.0;
				TEST_TARGET_NAME = StatusProvider;
			};
			name = Debug;
		};
		F5EEEDFC1D6F1E1D002B9B36 /* Release */ = {
			isa = XCBuildConfiguration;
			baseConfigurationReference = A682D45F50E20EE350EF3410 /* Pods-StatusProviderUITests.release.xcconfig */;
			buildSettings = {
				INFOPLIST_FILE = StatusProviderUITests/Info.plist;
				LD_RUNPATH_SEARCH_PATHS = "$(inherited) @executable_path/Frameworks @loader_path/Frameworks";
				PRODUCT_BUNDLE_IDENTIFIER = at.drei.StatusProviderUITests;
				PRODUCT_NAME = "$(TARGET_NAME)";
				SWIFT_VERSION = 3.0;
				TEST_TARGET_NAME = StatusProvider;
			};
			name = Release;
		};
/* End XCBuildConfiguration section */

/* Begin XCConfigurationList section */
		F5EEEDC71D6F1E1C002B9B36 /* Build configuration list for PBXProject "StatusProvider" */ = {
			isa = XCConfigurationList;
			buildConfigurations = (
				F5EEEDF21D6F1E1D002B9B36 /* Debug */,
				F5EEEDF31D6F1E1D002B9B36 /* Release */,
			);
			defaultConfigurationIsVisible = 0;
			defaultConfigurationName = Release;
		};
		F5EEEDF41D6F1E1D002B9B36 /* Build configuration list for PBXNativeTarget "StatusProvider" */ = {
			isa = XCConfigurationList;
			buildConfigurations = (
				F5EEEDF51D6F1E1D002B9B36 /* Debug */,
				F5EEEDF61D6F1E1D002B9B36 /* Release */,
			);
			defaultConfigurationIsVisible = 0;
			defaultConfigurationName = Release;
		};
		F5EEEDF71D6F1E1D002B9B36 /* Build configuration list for PBXNativeTarget "StatusProviderTests" */ = {
			isa = XCConfigurationList;
			buildConfigurations = (
				F5EEEDF81D6F1E1D002B9B36 /* Debug */,
				F5EEEDF91D6F1E1D002B9B36 /* Release */,
			);
			defaultConfigurationIsVisible = 0;
			defaultConfigurationName = Release;
		};
		F5EEEDFA1D6F1E1D002B9B36 /* Build configuration list for PBXNativeTarget "StatusProviderUITests" */ = {
			isa = XCConfigurationList;
			buildConfigurations = (
				F5EEEDFB1D6F1E1D002B9B36 /* Debug */,
				F5EEEDFC1D6F1E1D002B9B36 /* Release */,
			);
			defaultConfigurationIsVisible = 0;
			defaultConfigurationName = Release;
		};
/* End XCConfigurationList section */
	};
	rootObject = F5EEEDC41D6F1E1C002B9B36 /* Project object */;
}
